
Microsoft Visual Studio Solution File, Format Version 12.00
# Visual Studio Version 17
VisualStudioVersion = 17.0.31919.166
MinimumVisualStudioVersion = 10.0.40219.1
Project("{FAE04EC0-301F-11D3-BF4B-00C04F79EFBC}") = "PDF Reader", "PDF Reader\PDF Reader.csproj", "{02CF9FC1-254A-4D77-B3B9-92C3B9E7C650}"
EndProject
Global
	GlobalSection(SolutionConfigurationPlatforms) = preSolution
		Debug|Any CPU = Debug|Any CPU
		Release|Any CPU = Release|Any CPU
	EndGlobalSection
	GlobalSection(ProjectConfigurationPlatforms) = postSolution
		{02CF9FC1-254A-4D77-B3B9-92C3B9E7C650}.Debug|Any CPU.ActiveCfg = Debug|Any CPU
		{02CF9FC1-254A-4D77-B3B9-92C3B9E7C650}.Debug|Any CPU.Build.0 = Debug|Any CPU
		{02CF9FC1-254A-4D77-B3B9-92C3B9E7C650}.Release|Any CPU.ActiveCfg = Release|Any CPU
		{02CF9FC1-254A-4D77-B3B9-92C3B9E7C650}.Release|Any CPU.Build.0 = Release|Any CPU
	EndGlobalSection
	GlobalSection(SolutionProperties) = preSolution
		HideSolutionNode = FALSE
	EndGlobalSection
	GlobalSection(ExtensibilityGlobals) = postSolution
		SolutionGuid = {97FAC36C-D2E0-4239-B628-7A9FB54DA281}
	EndGlobalSection
EndGlobal
